PackratFormat: 1.4
PackratVersion: 0.4.9.1
RVersion: 3.4.3
Repos: CRAN=https://cran.rstudio.com/

Package: packrat
Source: github
Version: 0.4.9-1
GithubRepo: packrat
GithubUsername: rstudio
GithubRef: master
GithubSha1: f98789177c02b3066144dfb8c39ea67d681fd73c
RemoteHost: https://api.github.com
RemoteRepo: packrat
RemoteUsername: rstudio
RemoteSha: f98789177c02b3066144dfb8c39ea67d681fd73c
Hash: 2b4edf59823bbc14c9c70948a3b49926
